Microsoft Visual Studio Solution File, Format Version 12.00
# Visual Studio Version 17
VisualStudioVersion = 17.5.2.0
MinimumVisualStudioVersion = 10.0.40219.1
Project("{FAE04EC0-301F-11D3-BF4B-00C04F79EFBC}") = "Csharp and dotnet in one month", "Csharp and dotnet in one month\Csharp and dotnet in one month.csproj", "{DE2FD702-D24D-2B50-7514-C7CE4002C6A8}"
EndProject
Global
	GlobalSection(SolutionConfigurationPlatforms) = preSolution
		Debug|Any CPU = Debug|Any CPU
		Release|Any CPU = Release|Any CPU
	EndGlobalSection
	GlobalSection(ProjectConfigurationPlatforms) = postSolution
		{DE2FD702-D24D-2B50-7514-C7CE4002C6A8}.Debug|Any CPU.ActiveCfg = Debug|Any CPU
		{DE2FD702-D24D-2B50-7514-C7CE4002C6A8}.Debug|Any CPU.Build.0 = Debug|Any CPU
		{DE2FD702-D24D-2B50-7514-C7CE4002C6A8}.Release|Any CPU.ActiveCfg = Release|Any CPU
		{DE2FD702-D24D-2B50-7514-C7CE4002C6A8}.Release|Any CPU.Build.0 = Release|Any CPU
	EndGlobalSection
	GlobalSection(SolutionProperties) = preSolution
		HideSolutionNode = FALSE
	EndGlobalSection
	GlobalSection(ExtensibilityGlobals) = postSolution
		SolutionGuid = {708AC8AC-444F-45B1-84FC-8A49BE104E11}
	EndGlobalSection
EndGlobal
